// !$*UTF8*$!
{
	archiveVersion = 1;
	classes = {
	};
	objectVersion = 46;
	objects = {

/* Begin PBXBuildFile section */
		EB610FF819BDC3B100635060 /* WebAPIModel.swift in Sources */ = {isa = PBXBuildFile; fileRef = EB610FF719BDC3B100635060 /* WebAPIModel.swift */; };
		EB610FFA19BDD67F00635060 /* SwiftyJSON.swift in Sources */ = {isa = PBXBuildFile; fileRef = EB610FF919BDD67F00635060 /* SwiftyJSON.swift */; };
		EB610FFC19BDD73D00635060 /* ShopsController.swift in Sources */ = {isa = PBXBuildFile; fileRef = EB610FFB19BDD73D00635060 /* ShopsController.swift */; };
		EBC7FF4A19C28CC30030CDBA /* TestAPINewUserController.swift in Sources */ = {isa = PBXBuildFile; fileRef = EBC7FF4919C28CC30030CDBA /* TestAPINewUserController.swift */; };
		EBD6958119BC9DC20072F4AA /* AppDelegate.swift in Sources */ = {isa = PBXBuildFile; fileRef = EBD6958019BC9DC20072F4AA /* AppDelegate.swift */; };
		EBD6958619BC9DC20072F4AA /* Main.storyboard in Resources */ = {isa = PBXBuildFile; fileRef = EBD6958419BC9DC20072F4AA /* Main.storyboard */; };
		EBD6958819BC9DC20072F4AA /* Images.xcassets in Resources */ = {isa = PBXBuildFile; fileRef = EBD6958719BC9DC20072F4AA /* Images.xcassets */; };
		EBD6959419BC9DC20072F4AA /* Deal_linkTests.swift in Sources */ = {isa = PBXBuildFile; fileRef = EBD6959319BC9DC20072F4AA /* Deal_linkTests.swift */; };
		EBD6959E19BCA27D0072F4AA /* MapController.swift in Sources */ = {isa = PBXBuildFile; fileRef = EBD6959D19BCA27D0072F4AA /* MapController.swift */; };
		EBD695A019BCA3010072F4AA /* MenuController.swift in Sources */ = {isa = PBXBuildFile; fileRef = EBD6959F19BCA3010072F4AA /* MenuController.swift */; };
		EBD695A219BCA4EA0072F4AA /* MapKit.framework in Frameworks */ = {isa = PBXBuildFile; fileRef = EBD695A119BCA4EA0072F4AA /* MapKit.framework */; };
/* End PBXBuildFile section */

/* Begin PBXContainerItemProxy section */
		EBD6958E19BC9DC20072F4AA /* PBXContainerItemProxy */ = {
			isa = PBXContainerItemProxy;
			containerPortal = EBD6957319BC9DC20072F4AA /* Project object */;
			proxyType = 1;
			remoteGlobalIDString = EBD6957A19BC9DC20072F4AA;
			remoteInfo = "Deal-link";
		};
/* End PBXContainerItemProxy section */

/* Begin PBXFileReference section */
		EB610FF719BDC3B100635060 /* WebAPIModel.swift */ = {isa = PBXFileReference; fileEncoding = 4; lastKnownFileType = sourcecode.swift; path = WebAPIModel.swift; sourceTree = "<group>"; };
		EB610FF919BDD67F00635060 /* SwiftyJSON.swift */ = {isa = PBXFileReference; fileEncoding = 4; lastKnownFileType = sourcecode.swift; path = SwiftyJSON.swift; sourceTree = "<group>"; };
		EB610FFB19BDD73D00635060 /* ShopsController.swift */ = {isa = PBXFileReference; fileEncoding = 4; lastKnownFileType = sourcecode.swift; path = ShopsController.swift; sourceTree = "<group>"; };
		EBC7FF4919C28CC30030CDBA /* TestAPINewUserController.swift */ = {isa = PBXFileReference; fileEncoding = 4; lastKnownFileType = sourcecode.swift; path = TestAPINewUserController.swift; sourceTree = "<group>"; };
		EBD6957B19BC9DC20072F4AA /* Deal-link.app */ = {isa = PBXFileReference; explicitFileType = wrapper.application; includeInIndex = 0; path = "Deal-link.app"; sourceTree = BUILT_PRODUCTS_DIR; };
		EBD6957F19BC9DC20072F4AA /* Info.plist */ = {isa = PBXFileReference; lastKnownFileType = text.plist.xml; path = Info.plist; sourceTree = "<group>"; };
		EBD6958019BC9DC20072F4AA /* AppDelegate.swift */ = {isa = PBXFileReference; lastKnownFileType = sourcecode.swift; path = AppDelegate.swift; sourceTree = "<group>"; };
		EBD6958519BC9DC20072F4AA /* Base */ = {isa = PBXFileReference; lastKnownFileType = file.storyboard; name = Base; path = Base.lproj/Main.storyboard; sourceTree = "<group>"; };
		EBD6958719BC9DC20072F4AA /* Images.xcassets */ = {isa = PBXFileReference; lastKnownFileType = folder.assetcatalog; path = Images.xcassets; sourceTree = "<group>"; };
		EBD6958D19BC9DC20072F4AA /* Deal-linkTests.xctest */ = {isa = PBXFileReference; explicitFileType = wrapper.cfbundle; includeInIndex = 0; path = "Deal-linkTests.xctest"; sourceTree = BUILT_PRODUCTS_DIR; };
		EBD6959219BC9DC20072F4AA /* Info.plist */ = {isa = PBXFileReference; lastKnownFileType = text.plist.xml; path = Info.plist; sourceTree = "<group>"; };
		EBD6959319BC9DC20072F4AA /* Deal_linkTests.swift */ = {isa = PBXFileReference; lastKnownFileType = sourcecode.swift; path = Deal_linkTests.swift; sourceTree = "<group>"; };
		EBD6959D19BCA27D0072F4AA /* MapController.swift */ = {isa = PBXFileReference; fileEncoding = 4; lastKnownFileType = sourcecode.swift; name = MapController.swift; path = ../MapController.swift; sourceTree = "<group>"; };
		EBD6959F19BCA3010072F4AA /* MenuController.swift */ = {isa = PBXFileReference; fileEncoding = 4; lastKnownFileType = sourcecode.swift; path = MenuController.swift; sourceTree = "<group>"; };
		EBD695A119BCA4EA0072F4AA /* MapKit.framework */ = {isa = PBXFileReference; lastKnownFileType = wrapper.framework; name = MapKit.framework; path = System/Library/Frameworks/MapKit.framework; sourceTree = SDKROOT; };
/* End PBXFileReference section */

/* Begin PBXFrameworksBuildPhase section */
		EBD6957819BC9DC20072F4AA /* Frameworks */ = {
			isa = PBXFrameworksBuildPhase;
			buildActionMask = 2147483647;
			files = (
				EBD695A219BCA4EA0072F4AA /* MapKit.framework in Frameworks */,
			);
			runOnlyForDeploymentPostprocessing = 0;
		};
		EBD6958A19BC9DC20072F4AA /* Frameworks */ = {
			isa = PBXFrameworksBuildPhase;
			buildActionMask = 2147483647;
			files = (
			);
			runOnlyForDeploymentPostprocessing = 0;
		};
/* End PBXFrameworksBuildPhase section */

/* Begin PBXGroup section */
		EBD6957219BC9DC20072F4AA = {
			isa = PBXGroup;
			children = (
				EBD695A119BCA4EA0072F4AA /* MapKit.framework */,
				EBD6957D19BC9DC20072F4AA /* Deal-link */,
				EBD6959019BC9DC20072F4AA /* Deal-linkTests */,
				EBD6957C19BC9DC20072F4AA /* Products */,
			);
			sourceTree = "<group>";
		};
		EBD6957C19BC9DC20072F4AA /* Products */ = {
			isa = PBXGroup;
			children = (
				EBD6957B19BC9DC20072F4AA /* Deal-link.app */,
				EBD6958D19BC9DC20072F4AA /* Deal-linkTests.xctest */,
			);
			name = Products;
			sourceTree = "<group>";
		};
		EBD6957D19BC9DC20072F4AA /* Deal-link */ = {
			isa = PBXGroup;
			children = (
				EBD6959D19BCA27D0072F4AA /* MapController.swift */,
				EBD6958019BC9DC20072F4AA /* AppDelegate.swift */,
				EBD6958419BC9DC20072F4AA /* Main.storyboard */,
				EBD6958719BC9DC20072F4AA /* Images.xcassets */,
				EBD6957E19BC9DC20072F4AA /* Supporting Files */,
				EBD6959F19BCA3010072F4AA /* MenuController.swift */,
				EB610FF719BDC3B100635060 /* WebAPIModel.swift */,
				EB610FF919BDD67F00635060 /* SwiftyJSON.swift */,
				EB610FFB19BDD73D00635060 /* ShopsController.swift */,
				EBC7FF4919C28CC30030CDBA /* TestAPINewUserController.swift */,
			);
			path = "Deal-link";
			sourceTree = "<group>";
		};
		EBD6957E19BC9DC20072F4AA /* Supporting Files */ = {
			isa = PBXGroup;
			children = (
				EBD6957F19BC9DC20072F4AA /* Info.plist */,
			);
			name = "Supporting Files";
			sourceTree = "<group>";
		};
		EBD6959019BC9DC20072F4AA /* Deal-linkTests */ = {
			isa = PBXGroup;
			children = (
				EBD6959319BC9DC20072F4AA /* Deal_linkTests.swift */,
				EBD6959119BC9DC20072F4AA /* Supporting Files */,
			);
			path = "Deal-linkTests";
			sourceTree = "<group>";
		};
		EBD6959119BC9DC20072F4AA /* Supporting Files */ = {
			isa = PBXGroup;
			children = (
				EBD6959219BC9DC20072F4AA /* Info.plist */,
			);
			name = "Supporting Files";
			sourceTree = "<group>";
		};
/* End PBXGroup section */

/* Begin PBXNativeTarget section */
		EBD6957A19BC9DC20072F4AA /* Deal-link */ = {
			isa = PBXNativeTarget;
			buildConfigurationList = EBD6959719BC9DC20072F4AA /* Build configuration list for PBXNativeTarget "Deal-link" */;
			buildPhases = (
				EBD6957719BC9DC20072F4AA /* Sources */,
				EBD6957819BC9DC20072F4AA /* Frameworks */,
				EBD6957919BC9DC20072F4AA /* Resources */,
			);
			buildRules = (
			);
			dependencies = (
			);
			name = "Deal-link";
			productName = "Deal-link";
			productReference = EBD6957B19BC9DC20072F4AA /* Deal-link.app */;
			productType = "com.apple.product-type.application";
		};
		EBD6958C19BC9DC20072F4AA /* Deal-linkTests */ = {
			isa = PBXNativeTarget;
			buildConfigurationList = EBD6959A19BC9DC20072F4AA /* Build configuration list for PBXNativeTarget "Deal-linkTests" */;
			buildPhases = (
				EBD6958919BC9DC20072F4AA /* Sources */,
				EBD6958A19BC9DC20072F4AA /* Frameworks */,
				EBD6958B19BC9DC20072F4AA /* Resources */,
			);
			buildRules = (
			);
			dependencies = (
				EBD6958F19BC9DC20072F4AA /* PBXTargetDependency */,
			);
			name = "Deal-linkTests";
			productName = "Deal-linkTests";
			productReference = EBD6958D19BC9DC20072F4AA /* Deal-linkTests.xctest */;
			productType = "com.apple.product-type.bundle.unit-test";
		};
/* End PBXNativeTarget section */

/* Begin PBXProject section */
		EBD6957319BC9DC20072F4AA /* Project object */ = {
			isa = PBXProject;
			attributes = {
				LastUpgradeCheck = 0600;
				ORGANIZATIONNAME = tekkup;
				TargetAttributes = {
					EBD6957A19BC9DC20072F4AA = {
						CreatedOnToolsVersion = 6.0;
					};
					EBD6958C19BC9DC20072F4AA = {
						CreatedOnToolsVersion = 6.0;
						TestTargetID = EBD6957A19BC9DC20072F4AA;
					};
				};
			};
			buildConfigurationList = EBD6957619BC9DC20072F4AA /* Build configuration list for PBXProject "Deal-link" */;
			compatibilityVersion = "Xcode 3.2";
			developmentRegion = English;
			hasScannedForEncodings = 0;
			knownRegions = (
				en,
				Base,
			);
			mainGroup = EBD6957219BC9DC20072F4AA;
			productRefGroup = EBD6957C19BC9DC20072F4AA /* Products */;
			projectDirPath = "";
			projectRoot = "";
			targets = (
				EBD6957A19BC9DC20072F4AA /* Deal-link */,
				EBD6958C19BC9DC20072F4AA /* Deal-linkTests */,
			);
		};
/* End PBXProject section */

/* Begin PBXResourcesBuildPhase section */
		EBD6957919BC9DC20072F4AA /* Resources */ = {
			isa = PBXResourcesBuildPhase;
			buildActionMask = 2147483647;
			files = (
				EBD6958619BC9DC20072F4AA /* Main.storyboard in Resources */,
				EBD6958819BC9DC20072F4AA /* Images.xcassets in Resources */,
			);
			runOnlyForDeploymentPostprocessing = 0;
		};
		EBD6958B19BC9DC20072F4AA /* Resources */ = {
			isa = PBXResourcesBuildPhase;
			buildActionMask = 2147483647;
			files = (
			);
			runOnlyForDeploymentPostprocessing = 0;
		};
/* End PBXResourcesBuildPhase section */

/* Begin PBXSourcesBuildPhase section */
		EBD6957719BC9DC20072F4AA /* Sources */ = {
			isa = PBXSourcesBuildPhase;
			buildActionMask = 2147483647;
			files = (
				EBD6959E19BCA27D0072F4AA /* MapController.swift in Sources */,
				EBD695A019BCA3010072F4AA /* MenuController.swift in Sources */,
				EBD6958119BC9DC20072F4AA /* AppDelegate.swift in Sources */,
				EBC7FF4A19C28CC30030CDBA /* TestAPINewUserController.swift in Sources */,
				EB610FFC19BDD73D00635060 /* ShopsController.swift in Sources */,
				EB610FFA19BDD67F00635060 /* SwiftyJSON.swift in Sources */,
				EB610FF819BDC3B100635060 /* WebAPIModel.swift in Sources */,
			);
			runOnlyForDeploymentPostprocessing = 0;
		};
		EBD6958919BC9DC20072F4AA /* Sources */ = {
			isa = PBXSourcesBuildPhase;
			buildActionMask = 2147483647;
			files = (
				EBD6959419BC9DC20072F4AA /* Deal_linkTests.swift in Sources */,
			);
			runOnlyForDeploymentPostprocessing = 0;
		};
/* End PBXSourcesBuildPhase section */

/* Begin PBXTargetDependency section */
		EBD6958F19BC9DC20072F4AA /* PBXTargetDependency */ = {
			isa = PBXTargetDependency;
			target = EBD6957A19BC9DC20072F4AA /* Deal-link */;
			targetProxy = EBD6958E19BC9DC20072F4AA /* PBXContainerItemProxy */;
		};
/* End PBXTargetDependency section */

/* Begin PBXVariantGroup section */
		EBD6958419BC9DC20072F4AA /* Main.storyboard */ = {
			isa = PBXVariantGroup;
			children = (
				EBD6958519BC9DC20072F4AA /* Base */,
			);
			name = Main.storyboard;
			sourceTree = "<group>";
		};
/* End PBXVariantGroup section */

/* Begin XCBuildConfiguration section */
		EBD6959519BC9DC20072F4AA /* Debug */ = {
			isa = XCBuildConfiguration;
			buildSettings = {
				ALWAYS_SEARCH_USER_PATHS = NO;
				CLANG_CXX_LANGUAGE_STANDARD = "gnu++0x";
				CLANG_CXX_LIBRARY = "libc++";
				CLANG_ENABLE_MODULES = YES;
				CLANG_ENABLE_OBJC_ARC = YES;
				CLANG_WARN_BOOL_CONVERSION = YES;
				CLANG_WARN_CONSTANT_CONVERSION = YES;
				CLANG_WARN_DIRECT_OBJC_ISA_USAGE = YES_ERROR;
				CLANG_WARN_EMPTY_BODY = YES;
				CLANG_WARN_ENUM_CONVERSION = YES;
				CLANG_WARN_INT_CONVERSION = YES;
				CLANG_WARN_OBJC_ROOT_CLASS = YES_ERROR;
				CLANG_WARN_UNREACHABLE_CODE = YES;
				CLANG_WARN__DUPLICATE_METHOD_MATCH = YES;
				"CODE_SIGN_IDENTITY[sdk=iphoneos*]" = "iPhone Developer";
				COPY_PHASE_STRIP = NO;
				ENABLE_STRICT_OBJC_MSGSEND = YES;
				GCC_C_LANGUAGE_STANDARD = gnu99;
				GCC_DYNAMIC_NO_PIC = NO;
				GCC_OPTIMIZATION_LEVEL = 0;
				GCC_PREPROCESSOR_DEFINITIONS = (
					"DEBUG=1",
					"$(inherited)",
				);
				GCC_SYMBOLS_PRIVATE_EXTERN = NO;
				GCC_WARN_64_TO_32_BIT_CONVERSION = YES;
				GCC_WARN_ABOUT_RETURN_TYPE = YES_ERROR;
				GCC_WARN_UNDECLARED_SELECTOR = YES;
				GCC_WARN_UNINITIALIZED_AUTOS = YES_AGGRESSIVE;
				GCC_WARN_UNUSED_FUNCTION = YES;
				GCC_WARN_UNUSED_VARIABLE = YES;
				IPHONEOS_DEPLOYMENT_TARGET = 8.0;
				MTL_ENABLE_DEBUG_INFO = YES;
				ONLY_ACTIVE_ARCH = YES;
				SDKROOT = iphoneos;
				SWIFT_OPTIMIZATION_LEVEL = "-Onone";
			};
			name = Debug;
		};
		EBD6959619BC9DC20072F4AA /* Release */ = {
			isa = XCBuildConfiguration;
			buildSettings = {
				ALWAYS_SEARCH_USER_PATHS = NO;
				CLANG_CXX_LANGUAGE_STANDARD = "gnu++0x";
				CLANG_CXX_LIBRARY = "libc++";
				CLANG_ENABLE_MODULES = YES;
				CLANG_ENABLE_OBJC_ARC = YES;
				CLANG_WARN_BOOL_CONVERSION = YES;
				CLANG_WARN_CONSTANT_CONVERSION = YES;
				CLANG_WARN_DIRECT_OBJC_ISA_USAGE = YES_ERROR;
				CLANG_WARN_EMPTY_BODY = YES;
				CLANG_WARN_ENUM_CONVERSION = YES;
				CLANG_WARN_INT_CONVERSION = YES;
				CLANG_WARN_OBJC_ROOT_CLASS = YES_ERROR;
				CLANG_WARN_UNREACHABLE_CODE = YES;
				CLANG_WARN__DUPLICATE_METHOD_MATCH = YES;
				"CODE_SIGN_IDENTITY[sdk=iphoneos*]" = "iPhone Developer";
				COPY_PHASE_STRIP = YES;
				ENABLE_NS_ASSERTIONS = NO;
				ENABLE_STRICT_OBJC_MSGSEND = YES;
				GCC_C_LANGUAGE_STANDARD = gnu99;
				GCC_WARN_64_TO_32_BIT_CONVERSION = YES;
				GCC_WARN_ABOUT_RETURN_TYPE = YES_ERROR;
				GCC_WARN_UNDECLARED_SELECTOR = YES;
				GCC_WARN_UNINITIALIZED_AUTOS = YES_AGGRESSIVE;
				GCC_WARN_UNUSED_FUNCTION = YES;
				GCC_WARN_UNUSED_VARIABLE = YES;
				IPHONEOS_DEPLOYMENT_TARGET = 8.0;
				MTL_ENABLE_DEBUG_INFO = NO;
				SDKROOT = iphoneos;
				VALIDATE_PRODUCT = YES;
			};
			name = Release;
		};
		EBD6959819BC9DC20072F4AA /* Debug */ = {
			isa = XCBuildConfiguration;
			buildSettings = {
				ASSETCATALOG_COMPILER_APPICON_NAME = AppIcon;
				ASSETCATALOG_COMPILER_LAUNCHIMAGE_NAME = LaunchImage;
				INFOPLIST_FILE = "Deal-link/Info.plist";
				LD_RUNPATH_SEARCH_PATHS = "$(inherited) @executable_path/Frameworks";
				PRODUCT_NAME = "$(TARGET_NAME)";
			};
			name = Debug;
		};
		EBD6959919BC9DC20072F4AA /* Release */ = {
			isa = XCBuildConfiguration;
			buildSettings = {
				ASSETCATALOG_COMPILER_APPICON_NAME = AppIcon;
				ASSETCATALOG_COMPILER_LAUNCHIMAGE_NAME = LaunchImage;
				INFOPLIST_FILE = "Deal-link/Info.plist";
				LD_RUNPATH_SEARCH_PATHS = "$(inherited) @executable_path/Frameworks";
				PRODUCT_NAME = "$(TARGET_NAME)";
			};
			name = Release;
		};
		EBD6959B19BC9DC20072F4AA /* Debug */ = {
			isa = XCBuildConfiguration;
			buildSettings = {
				BUNDLE_LOADER = "$(TEST_HOST)";
				FRAMEWORK_SEARCH_PATHS = (
					"$(SDKROOT)/Developer/Library/Frameworks",
					"$(inherited)",
				);
				GCC_PREPROCESSOR_DEFINITIONS = (
					"DEBUG=1",
					"$(inherited)",
				);
				INFOPLIST_FILE = "Deal-linkTests/Info.plist";
				LD_RUNPATH_SEARCH_PATHS = "$(inherited) @executable_path/Frameworks @loader_path/Frameworks";
				PRODUCT_NAME = "$(TARGET_NAME)";
				TEST_HOST = "$(BUILT_PRODUCTS_DIR)/Deal-link.app/Deal-link";
			};
			name = Debug;
		};
		EBD6959C19BC9DC20072F4AA /* Release */ = {
			isa = XCBuildConfiguration;
			buildSettings = {
				BUNDLE_LOADER = "$(TEST_HOST)";
				FRAMEWORK_SEARCH_PATHS = (
					"$(SDKROOT)/Developer/Library/Frameworks",
					"$(inherited)",
				);
				INFOPLIST_FILE = "Deal-linkTests/Info.plist";
				LD_RUNPATH_SEARCH_PATHS = "$(inherited) @executable_path/Frameworks @loader_path/Frameworks";
				PRODUCT_NAME = "$(TARGET_NAME)";
				TEST_HOST = "$(BUILT_PRODUCTS_DIR)/Deal-link.app/Deal-link";
			};
			name = Release;
		};
/* End XCBuildConfiguration section */

/* Begin XCConfigurationList section */
		EBD6957619BC9DC20072F4AA /* Build configuration list for PBXProject "Deal-link" */ = {
			isa = XCConfigurationList;
			buildConfigurations = (
				EBD6959519BC9DC20072F4AA /* Debug */,
				EBD6959619BC9DC20072F4AA /* Release */,
			);
			defaultConfigurationIsVisible = 0;
			defaultConfigurationName = Release;
		};
		EBD6959719BC9DC20072F4AA /* Build configuration list for PBXNativeTarget "Deal-link" */ = {
			isa = XCConfigurationList;
			buildConfigurations = (
				EBD6959819BC9DC20072F4AA /* Debug */,
				EBD6959919BC9DC20072F4AA /* Release */,
			);
			defaultConfigurationIsVisible = 0;
			defaultConfigurationName = Release;
		};
		EBD6959A19BC9DC20072F4AA /* Build configuration list for PBXNativeTarget "Deal-linkTests" */ = {
			isa = XCConfigurationList;
			buildConfigurations = (
				EBD6959B19BC9DC20072F4AA /* Debug */,
				EBD6959C19BC9DC20072F4AA /* Release */,
			);
			defaultConfigurationIsVisible = 0;
			defaultConfigurationName = Release;
		};
/* End XCConfigurationList section */
	};
	rootObject = EBD6957319BC9DC20072F4AA /* Project object */;
}
